
Microsoft Visual Studio Solution File, Format Version 12.00
# Visual Studio Version 17
VisualStudioVersion = 17.5.33530.505
MinimumVisualStudioVersion = 10.0.40219.1
Project("{9A19103F-16F7-4668-BE54-9A1E7A4F7556}") = "BirdCageShop", "BirdCageShop\BirdCageShop.csproj", "{DEFE2438-5BFB-46BF-ABDB-1C631E0BA432}"
EndProject
Project("{9A19103F-16F7-4668-BE54-9A1E7A4F7556}") = "BirdCageShopOther", "BirdCageShopOther\BirdCageShopOther.csproj", "{5B3229D8-9324-4AAD-8D7B-D8E082355FF9}"
EndProject
Project("{9A19103F-16F7-4668-BE54-9A1E7A4F7556}") = "BirdCageShopInterface", "BirdCageShopInterface\BirdCageShopInterface.csproj", "{D27BEA16-90E0-47BC-B205-F84B9691DAFA}"
EndProject
Project("{9A19103F-16F7-4668-BE54-9A1E7A4F7556}") = "BirdCageShopReposiory", "BirdCageShopReposiory\BirdCageShopReposiory.csproj", "{AB6405EE-3050-4CC7-ADA0-ED1623CDC5F1}"
EndProject
Project("{9A19103F-16F7-4668-BE54-9A1E7A4F7556}") = "BirdCageShopService", "BirdCageShopService\BirdCageShopService.csproj", "{3A987949-3BDB-439B-AC2E-E5C06305D71B}"
EndProject
Project("{FAE04EC0-301F-11D3-BF4B-00C04F79EFBC}") = "BirdCageShopDbContext", "BirdCageShopDbContext\BirdCageShopDbContext.csproj", "{AEB117E9-2F3D-4F45-BD41-340A9B23E111}"
EndProject
Project("{FAE04EC0-301F-11D3-BF4B-00C04F79EFBC}") = "BirdCageShopDomain", "BirdCageShopDomain\BirdCageShopDomain.csproj", "{E8973B17-7A70-4868-8F7D-7399637EC5C5}"
EndProject
Project("{FAE04EC0-301F-11D3-BF4B-00C04F79EFBC}") = "BirdCageShopUtils", "BirdCageShopUtils\BirdCageShopUtils.csproj", "{4CDE2FCF-F7F0-4A1C-B78B-8C8F28391733}"
EndProject
Project("{FAE04EC0-301F-11D3-BF4B-00C04F79EFBC}") = "BirdCageShopViewModel", "BirdCageShopViewModel\BirdCageShopViewModel.csproj", "{C50A64A8-740F-4CDD-8251-7CE03817DD1D}"
EndProject
Global
	GlobalSection(SolutionConfigurationPlatforms) = preSolution
		Debug|Any CPU = Debug|Any CPU
		Release|Any CPU = Release|Any CPU
	EndGlobalSection
	GlobalSection(ProjectConfigurationPlatforms) = postSolution
		{DEFE2438-5BFB-46BF-ABDB-1C631E0BA432}.Debug|Any CPU.ActiveCfg = Debug|Any CPU
		{DEFE2438-5BFB-46BF-ABDB-1C631E0BA432}.Debug|Any CPU.Build.0 = Debug|Any CPU
		{DEFE2438-5BFB-46BF-ABDB-1C631E0BA432}.Release|Any CPU.ActiveCfg = Release|Any CPU
		{DEFE2438-5BFB-46BF-ABDB-1C631E0BA432}.Release|Any CPU.Build.0 = Release|Any CPU
		{5B3229D8-9324-4AAD-8D7B-D8E082355FF9}.Debug|Any CPU.ActiveCfg = Debug|Any CPU
		{5B3229D8-9324-4AAD-8D7B-D8E082355FF9}.Debug|Any CPU.Build.0 = Debug|Any CPU
		{5B3229D8-9324-4AAD-8D7B-D8E082355FF9}.Release|Any CPU.ActiveCfg = Release|Any CPU
		{5B3229D8-9324-4AAD-8D7B-D8E082355FF9}.Release|Any CPU.Build.0 = Release|Any CPU
		{D27BEA16-90E0-47BC-B205-F84B9691DAFA}.Debug|Any CPU.ActiveCfg = Debug|Any CPU
		{D27BEA16-90E0-47BC-B205-F84B9691DAFA}.Debug|Any CPU.Build.0 = Debug|Any CPU
		{D27BEA16-90E0-47BC-B205-F84B9691DAFA}.Release|Any CPU.ActiveCfg = Release|Any CPU
		{D27BEA16-90E0-47BC-B205-F84B9691DAFA}.Release|Any CPU.Build.0 = Release|Any CPU
		{AB6405EE-3050-4CC7-ADA0-ED1623CDC5F1}.Debug|Any CPU.ActiveCfg = Debug|Any CPU
		{AB6405EE-3050-4CC7-ADA0-ED1623CDC5F1}.Debug|Any CPU.Build.0 = Debug|Any CPU
		{AB6405EE-3050-4CC7-ADA0-ED1623CDC5F1}.Release|Any CPU.ActiveCfg = Release|Any CPU
		{AB6405EE-3050-4CC7-ADA0-ED1623CDC5F1}.Release|Any CPU.Build.0 = Release|Any CPU
		{3A987949-3BDB-439B-AC2E-E5C06305D71B}.Debug|Any CPU.ActiveCfg = Debug|Any CPU
		{3A987949-3BDB-439B-AC2E-E5C06305D71B}.Debug|Any CPU.Build.0 = Debug|Any CPU
		{3A987949-3BDB-439B-AC2E-E5C06305D71B}.Release|Any CPU.ActiveCfg = Release|Any CPU
		{3A987949-3BDB-439B-AC2E-E5C06305D71B}.Release|Any CPU.Build.0 = Release|Any CPU
		{AEB117E9-2F3D-4F45-BD41-340A9B23E111}.Debug|Any CPU.ActiveCfg = Debug|Any CPU
		{AEB117E9-2F3D-4F45-BD41-340A9B23E111}.Debug|Any CPU.Build.0 = Debug|Any CPU
		{AEB117E9-2F3D-4F45-BD41-340A9B23E111}.Release|Any CPU.ActiveCfg = Release|Any CPU
		{AEB117E9-2F3D-4F45-BD41-340A9B23E111}.Release|Any CPU.Build.0 = Release|Any CPU
		{E8973B17-7A70-4868-8F7D-7399637EC5C5}.Debug|Any CPU.ActiveCfg = Debug|Any CPU
		{E8973B17-7A70-4868-8F7D-7399637EC5C5}.Debug|Any CPU.Build.0 = Debug|Any CPU
		{E8973B17-7A70-4868-8F7D-7399637EC5C5}.Release|Any CPU.ActiveCfg = Release|Any CPU
		{E8973B17-7A70-4868-8F7D-7399637EC5C5}.Release|Any CPU.Build.0 = Release|Any CPU
		{4CDE2FCF-F7F0-4A1C-B78B-8C8F28391733}.Debug|Any CPU.ActiveCfg = Debug|Any CPU
		{4CDE2FCF-F7F0-4A1C-B78B-8C8F28391733}.Debug|Any CPU.Build.0 = Debug|Any CPU
		{4CDE2FCF-F7F0-4A1C-B78B-8C8F28391733}.Release|Any CPU.ActiveCfg = Release|Any CPU
		{4CDE2FCF-F7F0-4A1C-B78B-8C8F28391733}.Release|Any CPU.Build.0 = Release|Any CPU
		{C50A64A8-740F-4CDD-8251-7CE03817DD1D}.Debug|Any CPU.ActiveCfg = Debug|Any CPU
		{C50A64A8-740F-4CDD-8251-7CE03817DD1D}.Debug|Any CPU.Build.0 = Debug|Any CPU
		{C50A64A8-740F-4CDD-8251-7CE03817DD1D}.Release|Any CPU.ActiveCfg = Release|Any CPU
		{C50A64A8-740F-4CDD-8251-7CE03817DD1D}.Release|Any CPU.Build.0 = Release|Any CPU
	EndGlobalSection
	GlobalSection(SolutionProperties) = preSolution
		HideSolutionNode = FALSE
	EndGlobalSection
	GlobalSection(ExtensibilityGlobals) = postSolution
		SolutionGuid = {4E223EFD-44B5-4D2F-8A48-DD68D0C81213}
	EndGlobalSection
EndGlobal
